# This file is automatically @generated by Cargo.
# It is not intended for manual editing.
version = 4

[[package]]
name = "abi_stable"
version = "0.11.3"
source = "registry+https://github.com/rust-lang/crates.io-index"
checksum = "69d6512d3eb05ffe5004c59c206de7f99c34951504056ce23fc953842f12c445"
dependencies = [
 "abi_stable_derive",
 "abi_stable_shared",
 "const_panic",
 "core_extensions",
 "crossbeam-channel",
 "generational-arena",
 "libloading 0.7.4",
 "lock_api",
 "parking_lot",
 "paste",
 "repr_offset",
 "rustc_version",
 "serde",
 "serde_derive",
 "serde_json",
]

[[package]]
name = "abi_stable_derive"
version = "0.11.3"
source = "registry+https://github.com/rust-lang/crates.io-index"
checksum = "d7178468b407a4ee10e881bc7a328a65e739f0863615cca4429d43916b05e898"
dependencies = [
 "abi_stable_shared",
 "as_derive_utils",
 "core_extensions",
 "proc-macro2",
 "quote",
 "rustc_version",
 "syn 1.0.109",
 "typed-arena",
]

[[package]]
name = "abi_stable_shared"
version = "0.11.0"
source = "registry+https://github.com/rust-lang/crates.io-index"
checksum = "b2b5df7688c123e63f4d4d649cba63f2967ba7f7861b1664fca3f77d3dad2b63"
dependencies = [
 "core_extensions",
]

[[package]]
name = "addr2line"
version = "0.24.2"
source = "registry+https://github.com/rust-lang/crates.io-index"
checksum = "dfbe277e56a376000877090da837660b4427aad530e3028d44e0bffe4f89a1c1"
dependencies = [
 "gimli",
]

[[package]]
name = "adler2"
version = "2.0.0"
source = "registry+https://github.com/rust-lang/crates.io-index"
checksum = "512761e0bb2578dd7380c6baaa0f4ce03e84f95e960231d1dec8bf4d7d6e2627"

[[package]]
name = "aho-corasick"
version = "1.1.3"
source = "registry+https://github.com/rust-lang/crates.io-index"
checksum = "8e60d3430d3a69478ad0993f19238d2df97c507009a52b3c10addcd7f6bcb916"
dependencies = [
 "memchr",
]

[[package]]
name = "as_derive_utils"
version = "0.11.0"
source = "registry+https://github.com/rust-lang/crates.io-index"
checksum = "ff3c96645900a44cf11941c111bd08a6573b0e2f9f69bc9264b179d8fae753c4"
dependencies = [
 "core_extensions",
 "proc-macro2",
 "quote",
 "syn 1.0.109",
]

[[package]]
name = "atk"
version = "0.18.2"
source = "registry+https://github.com/rust-lang/crates.io-index"
checksum = "241b621213072e993be4f6f3a9e4b45f65b7e6faad43001be957184b7bb1824b"
dependencies = [
 "atk-sys",
 "glib",
 "libc",
]

[[package]]
name = "atk-sys"
version = "0.18.2"
source = "registry+https://github.com/rust-lang/crates.io-index"
checksum = "c5e48b684b0ca77d2bbadeef17424c2ea3c897d44d566a1617e7e8f30614d086"
dependencies = [
 "glib-sys",
 "gobject-sys",
 "libc",
 "system-deps",
]

[[package]]
name = "autocfg"
version = "1.4.0"
source = "registry+https://github.com/rust-lang/crates.io-index"
checksum = "ace50bade8e6234aa140d9a2f552bbee1db4d353f69b8217bc503490fc1a9f26"

[[package]]
name = "backtrace"
version = "0.3.75"
source = "registry+https://github.com/rust-lang/crates.io-index"
checksum = "6806a6321ec58106fea15becdad98371e28d92ccbc7c8f1b3b6dd724fe8f1002"
dependencies = [
 "addr2line",
 "cfg-if",
 "libc",
 "miniz_oxide",
 "object",
 "rustc-demangle",
 "windows-targets",
]

[[package]]
name = "bitflags"
version = "2.9.0"
source = "registry+https://github.com/rust-lang/crates.io-index"
checksum = "5c8214115b7bf84099f1309324e63141d4c5d7cc26862f97a0a857dbefe165bd"

[[package]]
name = "cairo-rs"
version = "0.18.5"
source = "registry+https://github.com/rust-lang/crates.io-index"
checksum = "8ca26ef0159422fb77631dc9d17b102f253b876fe1586b03b803e63a309b4ee2"
dependencies = [
 "bitflags",
 "cairo-sys-rs",
 "glib",
 "libc",
 "once_cell",
 "thiserror 1.0.69",
]

[[package]]
name = "cairo-sys-rs"
version = "0.18.2"
source = "registry+https://github.com/rust-lang/crates.io-index"
checksum = "685c9fa8e590b8b3d678873528d83411db17242a73fccaed827770ea0fedda51"
dependencies = [
 "glib-sys",
 "libc",
 "system-deps",
]

[[package]]
name = "cfg-expr"
version = "0.15.8"
source = "registry+https://github.com/rust-lang/crates.io-index"
checksum = "d067ad48b8650848b989a59a86c6c36a995d02d2bf778d45c3c5d57bc2718f02"
dependencies = [
 "smallvec",
 "target-lexicon",
]

[[package]]
name = "cfg-if"
version = "1.0.0"
source = "registry+https://github.com/rust-lang/crates.io-index"
checksum = "baf1de4339761588bc0619e3cbc0120ee582ebb74b53b4efbf79117bd2da40fd"

[[package]]
name = "cfg_aliases"
version = "0.2.1"
source = "registry+https://github.com/rust-lang/crates.io-index"
checksum = "613afe47fcd5fac7ccf1db93babcb082c5994d996f20b8b159f2ad1658eb5724"

[[package]]
name = "const_panic"
version = "0.2.12"
source = "registry+https://github.com/rust-lang/crates.io-index"
checksum = "2459fc9262a1aa204eb4b5764ad4f189caec88aea9634389c0a25f8be7f6265e"

[[package]]
name = "core_extensions"
version = "1.5.3"
source = "registry+https://github.com/rust-lang/crates.io-index"
checksum = "92c71dc07c9721607e7a16108336048ee978c3a8b129294534272e8bac96c0ee"
dependencies = [
 "core_extensions_proc_macros",
]

[[package]]
name = "core_extensions_proc_macros"
version = "1.5.3"
source = "registry+https://github.com/rust-lang/crates.io-index"
checksum = "69f3b219d28b6e3b4ac87bc1fc522e0803ab22e055da177bff0068c4150c61a6"

[[package]]
name = "crossbeam-channel"
version = "0.5.15"
source = "registry+https://github.com/rust-lang/crates.io-index"
checksum = "82b8f8f868b36967f9606790d1903570de9ceaf870a7bf9fbbd3016d636a2cb2"
dependencies = [
 "crossbeam-utils",
]

[[package]]
name = "crossbeam-utils"
version = "0.8.21"
source = "registry+https://github.com/rust-lang/crates.io-index"
checksum = "d0a5c400df2834b80a4c3327b3aad3a4c4cd4de0629063962b03235697506a28"

[[package]]
name = "daemonize"
version = "0.5.0"
source = "registry+https://github.com/rust-lang/crates.io-index"
checksum = "ab8bfdaacb3c887a54d41bdf48d3af8873b3f5566469f8ba21b92057509f116e"
dependencies = [
 "libc",
]

[[package]]
name = "dirs"
version = "6.0.0"
source = "registry+https://github.com/rust-lang/crates.io-index"
checksum = "c3e8aa94d75141228480295a7d0e7feb620b1a5ad9f12bc40be62411e38cce4e"
dependencies = [
 "dirs-sys",
]

[[package]]
name = "dirs-sys"
version = "0.5.0"
source = "registry+https://github.com/rust-lang/crates.io-index"
checksum = "e01a3366d27ee9890022452ee61b2b63a67e6f13f58900b651ff5665f0bb1fab"
dependencies = [
 "libc",
 "option-ext",
 "redox_users",
 "windows-sys 0.59.0",
]

[[package]]
name = "equivalent"
version = "1.0.2"
source = "registry+https://github.com/rust-lang/crates.io-index"
checksum = "877a4ace8713b0bcf2a4e7eec82529c029f1d0619886d18145fea96c3ffe5c0f"

[[package]]
name = "field-offset"
version = "0.3.6"
source = "registry+https://github.com/rust-lang/crates.io-index"
checksum = "38e2275cc4e4fc009b0669731a1e5ab7ebf11f469eaede2bab9309a5b4d6057f"
dependencies = [
 "memoffset",
 "rustc_version",
]

[[package]]
name = "findex"
version = "0.8.2"
dependencies = [
 "abi_stable",
 "findex-plugin",
 "gtk",
 "inotify",
 "keybinder",
 "lazy_static",
 "parking_lot",
 "regex",
 "serde",
 "shellexpand",
 "shlex",
 "sublime_fuzzy",
 "toml",
 "xdg",
]

[[package]]
name = "findex-daemon"
version = "0.8.2"
dependencies = [
 "daemonize",
 "inotify",
 "nix",
 "shellexpand",
 "subprocess",
 "sysinfo",
 "xdg",
]

[[package]]
name = "findex-plugin"
version = "0.8.2"
dependencies = [
 "abi_stable",
 "gtk",
 "libloading 0.8.6",
 "serde",
]

[[package]]
name = "futures-channel"
version = "0.3.31"
source = "registry+https://github.com/rust-lang/crates.io-index"
checksum = "2dff15bf788c671c1934e366d07e30c1814a8ef514e1af724a602e8a2fbe1b10"
dependencies = [
 "futures-core",
]

[[package]]
name = "futures-core"
version = "0.3.31"
source = "registry+https://github.com/rust-lang/crates.io-index"
checksum = "05f29059c0c2090612e8d742178b0580d2dc940c837851ad723096f87af6663e"

[[package]]
name = "futures-executor"
version = "0.3.31"
source = "registry+https://github.com/rust-lang/crates.io-index"
checksum = "1e28d1d997f585e54aebc3f97d39e72338912123a67330d723fdbb564d646c9f"
dependencies = [
 "futures-core",
 "futures-task",
 "futures-util",
]

[[package]]
name = "futures-io"
version = "0.3.31"
source = "registry+https://github.com/rust-lang/crates.io-index"
checksum = "9e5c1b78ca4aae1ac06c48a526a655760685149f0d465d21f37abfe57ce075c6"

[[package]]
name = "futures-macro"
version = "0.3.31"
source = "registry+https://github.com/rust-lang/crates.io-index"
checksum = "162ee34ebcb7c64a8abebc059ce0fee27c2262618d7b60ed8faf72fef13c3650"
dependencies = [
 "proc-macro2",
 "quote",
 "syn 2.0.101",
]

[[package]]
name = "futures-task"
version = "0.3.31"
source = "registry+https://github.com/rust-lang/crates.io-index"
checksum = "f90f7dce0722e95104fcb095585910c0977252f286e354b5e3bd38902cd99988"

[[package]]
name = "futures-util"
version = "0.3.31"
source = "registry+https://github.com/rust-lang/crates.io-index"
checksum = "9fa08315bb612088cc391249efdc3bc77536f16c91f6cf495e6fbe85b20a4a81"
dependencies = [
 "futures-core",
 "futures-macro",
 "futures-task",
 "pin-project-lite",
 "pin-utils",
 "slab",
]

[[package]]
name = "gdk"
version = "0.18.2"
source = "registry+https://github.com/rust-lang/crates.io-index"
checksum = "d9f245958c627ac99d8e529166f9823fb3b838d1d41fd2b297af3075093c2691"
dependencies = [
 "cairo-rs",
 "gdk-pixbuf",
 "gdk-sys",
 "gio",
 "glib",
 "libc",
 "pango",
]

[[package]]
name = "gdk-pixbuf"
version = "0.18.5"
source = "registry+https://github.com/rust-lang/crates.io-index"
checksum = "50e1f5f1b0bfb830d6ccc8066d18db35c487b1b2b1e8589b5dfe9f07e8defaec"
dependencies = [
 "gdk-pixbuf-sys",
 "gio",
 "glib",
 "libc",
 "once_cell",
]

[[package]]
name = "gdk-pixbuf-sys"
version = "0.18.0"
source = "registry+https://github.com/rust-lang/crates.io-index"
checksum = "3f9839ea644ed9c97a34d129ad56d38a25e6756f99f3a88e15cd39c20629caf7"
dependencies = [
 "gio-sys",
 "glib-sys",
 "gobject-sys",
 "libc",
 "system-deps",
]

[[package]]
name = "gdk-sys"
version = "0.18.2"
source = "registry+https://github.com/rust-lang/crates.io-index"
checksum = "5c2d13f38594ac1e66619e188c6d5a1adb98d11b2fcf7894fc416ad76aa2f3f7"
dependencies = [
 "cairo-sys-rs",
 "gdk-pixbuf-sys",
 "gio-sys",
 "glib-sys",
 "gobject-sys",
 "libc",
 "pango-sys",
 "pkg-config",
 "system-deps",
]

[[package]]
name = "generational-arena"
version = "0.2.9"
source = "registry+https://github.com/rust-lang/crates.io-index"
checksum = "877e94aff08e743b651baaea359664321055749b398adff8740a7399af7796e7"
dependencies = [
 "cfg-if",
]

[[package]]
name = "getrandom"
version = "0.2.16"
source = "registry+https://github.com/rust-lang/crates.io-index"
checksum = "335ff9f135e4384c8150d6f27c6daed433577f86b4750418338c01a1a2528592"
dependencies = [
 "cfg-if",
 "libc",
 "wasi",
]

[[package]]
name = "gimli"
version = "0.31.1"
source = "registry+https://github.com/rust-lang/crates.io-index"
checksum = "07e28edb80900c19c28f1072f2e8aeca7fa06b23cd4169cefe1af5aa3260783f"

[[package]]
name = "gio"
version = "0.18.4"
source = "registry+https://github.com/rust-lang/crates.io-index"
checksum = "d4fc8f532f87b79cbc51a79748f16a6828fb784be93145a322fa14d06d354c73"
dependencies = [
 "futures-channel",
 "futures-core",
 "futures-io",
 "futures-util",
 "gio-sys",
 "glib",
 "libc",
 "once_cell",
 "pin-project-lite",
 "smallvec",
 "thiserror 1.0.69",
]

[[package]]
name = "gio-sys"
version = "0.18.1"
source = "registry+https://github.com/rust-lang/crates.io-index"
checksum = "37566df850baf5e4cb0dfb78af2e4b9898d817ed9263d1090a2df958c64737d2"
dependencies = [
 "glib-sys",
 "gobject-sys",
 "libc",
 "system-deps",
 "winapi",
]

[[package]]
name = "glib"
version = "0.18.5"
source = "registry+https://github.com/rust-lang/crates.io-index"
checksum = "233daaf6e83ae6a12a52055f568f9d7cf4671dabb78ff9560ab6da230ce00ee5"
dependencies = [
 "bitflags",
 "futures-channel",
 "futures-core",
 "futures-executor",
 "futures-task",
 "futures-util",
 "gio-sys",
 "glib-macros",
 "glib-sys",
 "gobject-sys",
 "libc",
 "memchr",
 "once_cell",
 "smallvec",
 "thiserror 1.0.69",
]

[[package]]
name = "glib-macros"
version = "0.18.5"
source = "registry+https://github.com/rust-lang/crates.io-index"
checksum = "0bb0228f477c0900c880fd78c8759b95c7636dbd7842707f49e132378aa2acdc"
dependencies = [
 "heck 0.4.1",
 "proc-macro-crate 2.0.0",
 "proc-macro-error",
 "proc-macro2",
 "quote",
 "syn 2.0.101",
]

[[package]]
name = "glib-sys"
version = "0.18.1"
source = "registry+https://github.com/rust-lang/crates.io-index"
checksum = "063ce2eb6a8d0ea93d2bf8ba1957e78dbab6be1c2220dd3daca57d5a9d869898"
dependencies = [
 "libc",
 "system-deps",
]

[[package]]
name = "gobject-sys"
version = "0.18.0"
source = "registry+https://github.com/rust-lang/crates.io-index"
checksum = "0850127b514d1c4a4654ead6dedadb18198999985908e6ffe4436f53c785ce44"
dependencies = [
 "glib-sys",
 "libc",
 "system-deps",
]

[[package]]
name = "gtk"
version = "0.18.2"
source = "registry+https://github.com/rust-lang/crates.io-index"
checksum = "fd56fb197bfc42bd5d2751f4f017d44ff59fbb58140c6b49f9b3b2bdab08506a"
dependencies = [
 "atk",
 "cairo-rs",
 "field-offset",
 "futures-channel",
 "gdk",
 "gdk-pixbuf",
 "gio",
 "glib",
 "gtk-sys",
 "gtk3-macros",
 "libc",
 "pango",
 "pkg-config",
]

[[package]]
name = "gtk-sys"
version = "0.18.2"
source = "registry+https://github.com/rust-lang/crates.io-index"
checksum = "8f29a1c21c59553eb7dd40e918be54dccd60c52b049b75119d5d96ce6b624414"
dependencies = [
 "atk-sys",
 "cairo-sys-rs",
 "gdk-pixbuf-sys",
 "gdk-sys",
 "gio-sys",
 "glib-sys",
 "gobject-sys",
 "libc",
 "pango-sys",
 "system-deps",
]

[[package]]
name = "gtk3-macros"
version = "0.18.2"
source = "registry+https://github.com/rust-lang/crates.io-index"
checksum = "52ff3c5b21f14f0736fed6dcfc0bfb4225ebf5725f3c0209edeec181e4d73e9d"
dependencies = [
 "proc-macro-crate 1.3.1",
 "proc-macro-error",
 "proc-macro2",
 "quote",
 "syn 2.0.101",
]

[[package]]
name = "hashbrown"
version = "0.15.3"
source = "registry+https://github.com/rust-lang/crates.io-index"
checksum = "84b26c544d002229e640969970a2e74021aadf6e2f96372b9c58eff97de08eb3"

[[package]]
name = "heck"
version = "0.4.1"
source = "registry+https://github.com/rust-lang/crates.io-index"
checksum = "95505c38b4572b2d910cecb0281560f54b440a19336cbbcb27bf6ce6adc6f5a8"

[[package]]
name = "heck"
version = "0.5.0"
source = "registry+https://github.com/rust-lang/crates.io-index"
checksum = "2304e00983f87ffb38b55b444b5e3b60a884b5d30c0fca7d82fe33449bbe55ea"

[[package]]
name = "indexmap"
version = "2.9.0"
source = "registry+https://github.com/rust-lang/crates.io-index"
checksum = "cea70ddb795996207ad57735b50c5982d8844f38ba9ee5f1aedcfb708a2aa11e"
dependencies = [
 "equivalent",
 "hashbrown",
]

[[package]]
name = "inotify"
version = "0.11.0"
source = "registry+https://github.com/rust-lang/crates.io-index"
checksum = "f37dccff2791ab604f9babef0ba14fbe0be30bd368dc541e2b08d07c8aa908f3"
dependencies = [
 "bitflags",
 "futures-core",
 "inotify-sys",
 "libc",
 "tokio",
]

[[package]]
name = "inotify-sys"
version = "0.1.5"
source = "registry+https://github.com/rust-lang/crates.io-index"
checksum = "e05c02b5e89bff3b946cedeca278abc628fe811e604f027c45a8aa3cf793d0eb"
dependencies = [
 "libc",
]

[[package]]
name = "itoa"
version = "1.0.15"
source = "registry+https://github.com/rust-lang/crates.io-index"
checksum = "4a5f13b858c8d314ee3e8f639011f7ccefe71f97f96e50151fb991f267928e2c"

[[package]]
name = "keybinder"
version = "0.4.1"
source = "registry+https://github.com/rust-lang/crates.io-index"
checksum = "a0ab130e8f83d81e8eb3dfbbb73e9c3544651158ba9fe9592b83bfae8a0e2a39"
dependencies = [
 "libc",
]

[[package]]
name = "lazy_static"
version = "1.5.0"
source = "registry+https://github.com/rust-lang/crates.io-index"
checksum = "bbd2bcb4c963f2ddae06a2efc7e9f3591312473c50c6685e1f298068316e66fe"

[[package]]
name = "libc"
version = "0.2.172"
source = "registry+https://github.com/rust-lang/crates.io-index"
checksum = "d750af042f7ef4f724306de029d18836c26c1765a54a6a3f094cbd23a7267ffa"

[[package]]
name = "libloading"
version = "0.7.4"
source = "registry+https://github.com/rust-lang/crates.io-index"
checksum = "b67380fd3b2fbe7527a606e18729d21c6f3951633d0500574c4dc22d2d638b9f"
dependencies = [
 "cfg-if",
 "winapi",
]

[[package]]
name = "libloading"
version = "0.8.6"
source = "registry+https://github.com/rust-lang/crates.io-index"
checksum = "fc2f4eb4bc735547cfed7c0a4922cbd04a4655978c09b54f1f7b228750664c34"
dependencies = [
 "cfg-if",
 "windows-targets",
]

[[package]]
name = "libredox"
version = "0.1.3"
source = "registry+https://github.com/rust-lang/crates.io-index"
checksum = "c0ff37bd590ca25063e35af745c343cb7a0271906fb7b37e4813e8f79f00268d"
dependencies = [
 "bitflags",
 "libc",
]

[[package]]
name = "lock_api"
version = "0.4.12"
source = "registry+https://github.com/rust-lang/crates.io-index"
checksum = "07af8b9cdd281b7915f413fa73f29ebd5d55d0d3f0155584dade1ff18cea1b17"
dependencies = [
 "autocfg",
 "scopeguard",
]

[[package]]
name = "memchr"
version = "2.7.4"
source = "registry+https://github.com/rust-lang/crates.io-index"
checksum = "78ca9ab1a0babb1e7d5695e3530886289c18cf2f87ec19a575a0abdce112e3a3"

[[package]]
name = "memoffset"
version = "0.9.1"
source = "registry+https://github.com/rust-lang/crates.io-index"
checksum = "488016bfae457b036d996092f6cb448677611ce4449e970ceaf42695203f218a"
dependencies = [
 "autocfg",
]

[[package]]
name = "miniz_oxide"
version = "0.8.8"
source = "registry+https://github.com/rust-lang/crates.io-index"
checksum = "3be647b768db090acb35d5ec5db2b0e1f1de11133ca123b9eacf5137868f892a"
dependencies = [
 "adler2",
]

[[package]]
name = "mio"
version = "1.0.3"
source = "registry+https://github.com/rust-lang/crates.io-index"
checksum = "2886843bf800fba2e3377cff24abf6379b4c4d5c6681eaf9ea5b0d15090450bd"
dependencies = [
 "libc",
 "wasi",
 "windows-sys 0.52.0",
]

[[package]]
name = "nix"
version = "0.30.1"
source = "registry+https://github.com/rust-lang/crates.io-index"
checksum = "74523f3a35e05aba87a1d978330aef40f67b0304ac79c1c00b294c9830543db6"
dependencies = [
 "bitflags",
 "cfg-if",
 "cfg_aliases",
 "libc",
]

[[package]]
name = "ntapi"
version = "0.4.1"
source = "registry+https://github.com/rust-lang/crates.io-index"
checksum = "e8a3895c6391c39d7fe7ebc444a87eb2991b2a0bc718fdabd071eec617fc68e4"
dependencies = [
 "winapi",
]

[[package]]
name = "objc2-core-foundation"
version = "0.3.1"
source = "registry+https://github.com/rust-lang/crates.io-index"
checksum = "1c10c2894a6fed806ade6027bcd50662746363a9589d3ec9d9bef30a4e4bc166"
dependencies = [
 "bitflags",
]

[[package]]
name = "objc2-io-kit"
version = "0.3.1"
source = "registry+https://github.com/rust-lang/crates.io-index"
checksum = "71c1c64d6120e51cd86033f67176b1cb66780c2efe34dec55176f77befd93c0a"
dependencies = [
 "libc",
 "objc2-core-foundation",
]

[[package]]
name = "object"
version = "0.36.7"
source = "registry+https://github.com/rust-lang/crates.io-index"
checksum = "62948e14d923ea95ea2c7c86c71013138b66525b86bdc08d2dcc262bdb497b87"
dependencies = [
 "memchr",
]

[[package]]
name = "once_cell"
version = "1.21.3"
source = "registry+https://github.com/rust-lang/crates.io-index"
checksum = "42f5e15c9953c5e4ccceeb2e7382a716482c34515315f7b03532b8b4e8393d2d"

[[package]]
name = "option-ext"
version = "0.2.0"
source = "registry+https://github.com/rust-lang/crates.io-index"
checksum = "04744f49eae99ab78e0d5c0b603ab218f515ea8cfe5a456d7629ad883a3b6e7d"

[[package]]
name = "pango"
version = "0.18.3"
source = "registry+https://github.com/rust-lang/crates.io-index"
checksum = "7ca27ec1eb0457ab26f3036ea52229edbdb74dee1edd29063f5b9b010e7ebee4"
dependencies = [
 "gio",
 "glib",
 "libc",
 "once_cell",
 "pango-sys",
]

[[package]]
name = "pango-sys"
version = "0.18.0"
source = "registry+https://github.com/rust-lang/crates.io-index"
checksum = "436737e391a843e5933d6d9aa102cb126d501e815b83601365a948a518555dc5"
dependencies = [
 "glib-sys",
 "gobject-sys",
 "libc",
 "system-deps",
]

[[package]]
name = "parking_lot"
version = "0.12.3"
source = "registry+https://github.com/rust-lang/crates.io-index"
checksum = "f1bf18183cf54e8d6059647fc3063646a1801cf30896933ec2311622cc4b9a27"
dependencies = [
 "lock_api",
 "parking_lot_core",
]

[[package]]
name = "parking_lot_core"
version = "0.9.10"
source = "registry+https://github.com/rust-lang/crates.io-index"
checksum = "1e401f977ab385c9e4e3ab30627d6f26d00e2c73eef317493c4ec6d468726cf8"
dependencies = [
 "cfg-if",
 "libc",
 "redox_syscall",
 "smallvec",
 "windows-targets",
]

[[package]]
name = "paste"
version = "1.0.15"
source = "registry+https://github.com/rust-lang/crates.io-index"
checksum = "57c0d7b74b563b49d38dae00a0c37d4d6de9b432382b2892f0574ddcae73fd0a"

[[package]]
name = "pin-project-lite"
version = "0.2.16"
source = "registry+https://github.com/rust-lang/crates.io-index"
checksum = "3b3cff922bd51709b605d9ead9aa71031d81447142d828eb4a6eba76fe619f9b"

[[package]]
name = "pin-utils"
version = "0.1.0"
source = "registry+https://github.com/rust-lang/crates.io-index"
checksum = "8b870d8c151b6f2fb93e84a13146138f05d02ed11c7e7c54f8826aaaf7c9f184"

[[package]]
name = "pkg-config"
version = "0.3.32"
source = "registry+https://github.com/rust-lang/crates.io-index"
checksum = "7edddbd0b52d732b21ad9a5fab5c704c14cd949e5e9a1ec5929a24fded1b904c"

[[package]]
name = "proc-macro-crate"
version = "1.3.1"
source = "registry+https://github.com/rust-lang/crates.io-index"
checksum = "7f4c021e1093a56626774e81216a4ce732a735e5bad4868a03f3ed65ca0c3919"
dependencies = [
 "once_cell",
 "toml_edit 0.19.15",
]

[[package]]
name = "proc-macro-crate"
version = "2.0.0"
source = "registry+https://github.com/rust-lang/crates.io-index"
checksum = "7e8366a6159044a37876a2b9817124296703c586a5c92e2c53751fa06d8d43e8"
dependencies = [
 "toml_edit 0.20.7",
]

[[package]]
name = "proc-macro-error"
version = "1.0.4"
source = "registry+https://github.com/rust-lang/crates.io-index"
checksum = "da25490ff9892aab3fcf7c36f08cfb902dd3e71ca0f9f9517bea02a73a5ce38c"
dependencies = [
 "proc-macro-error-attr",
 "proc-macro2",
 "quote",
 "syn 1.0.109",
 "version_check",
]

[[package]]
name = "proc-macro-error-attr"
version = "1.0.4"
source = "registry+https://github.com/rust-lang/crates.io-index"
checksum = "a1be40180e52ecc98ad80b184934baf3d0d29f979574e439af5a55274b35f869"
dependencies = [
 "proc-macro2",
 "quote",
 "version_check",
]

[[package]]
name = "proc-macro2"
version = "1.0.95"
source = "registry+https://github.com/rust-lang/crates.io-index"
checksum = "02b3e5e68a3a1a02aad3ec490a98007cbc13c37cbe84a3cd7b8e406d76e7f778"
dependencies = [
 "unicode-ident",
]

[[package]]
name = "quote"
version = "1.0.40"
source = "registry+https://github.com/rust-lang/crates.io-index"
checksum = "1885c039570dc00dcb4ff087a89e185fd56bae234ddc7f056a945bf36467248d"
dependencies = [
 "proc-macro2",
]

[[package]]
name = "redox_syscall"
version = "0.5.12"
source = "registry+https://github.com/rust-lang/crates.io-index"
checksum = "928fca9cf2aa042393a8325b9ead81d2f0df4cb12e1e24cef072922ccd99c5af"
dependencies = [
 "bitflags",
]

[[package]]
name = "redox_users"
version = "0.5.0"
source = "registry+https://github.com/rust-lang/crates.io-index"
checksum = "dd6f9d3d47bdd2ad6945c5015a226ec6155d0bcdfd8f7cd29f86b71f8de99d2b"
dependencies = [
 "getrandom",
 "libredox",
 "thiserror 2.0.12",
]

[[package]]
name = "regex"
version = "1.11.1"
source = "registry+https://github.com/rust-lang/crates.io-index"
checksum = "b544ef1b4eac5dc2db33ea63606ae9ffcfac26c1416a2806ae0bf5f56b201191"
dependencies = [
 "aho-corasick",
 "memchr",
 "regex-automata",
 "regex-syntax",
]

[[package]]
name = "regex-automata"
version = "0.4.9"
source = "registry+https://github.com/rust-lang/crates.io-index"
checksum = "809e8dc61f6de73b46c85f4c96486310fe304c434cfa43669d7b40f711150908"
dependencies = [
 "aho-corasick",
 "memchr",
 "regex-syntax",
]

[[package]]
name = "regex-syntax"
version = "0.8.5"
source = "registry+https://github.com/rust-lang/crates.io-index"
checksum = "2b15c43186be67a4fd63bee50d0303afffcef381492ebe2c5d87f324e1b8815c"

[[package]]
name = "repr_offset"
version = "0.2.2"
source = "registry+https://github.com/rust-lang/crates.io-index"
checksum = "fb1070755bd29dffc19d0971cab794e607839ba2ef4b69a9e6fbc8733c1b72ea"
dependencies = [
 "tstr",
]

[[package]]
name = "rustc-demangle"
version = "0.1.24"
source = "registry+https://github.com/rust-lang/crates.io-index"
checksum = "719b953e2095829ee67db738b3bfa9fa368c94900df327b3f07fe6e794d2fe1f"

[[package]]
name = "rustc_version"
version = "0.4.1"
source = "registry+https://github.com/rust-lang/crates.io-index"
checksum = "cfcb3a22ef46e85b45de6ee7e79d063319ebb6594faafcf1c225ea92ab6e9b92"
dependencies = [
 "semver",
]

[[package]]
name = "ryu"
version = "1.0.20"
source = "registry+https://github.com/rust-lang/crates.io-index"
checksum = "28d3b2b1366ec20994f1fd18c3c594f05c5dd4bc44d8bb0c1c632c8d6829481f"

[[package]]
name = "scopeguard"
version = "1.2.0"
source = "registry+https://github.com/rust-lang/crates.io-index"
checksum = "94143f37725109f92c262ed2cf5e59bce7498c01bcc1502d7b9afe439a4e9f49"

[[package]]
name = "semver"
version = "1.0.26"
source = "registry+https://github.com/rust-lang/crates.io-index"
checksum = "56e6fa9c48d24d85fb3de5ad847117517440f6beceb7798af16b4a87d616b8d0"

[[package]]
name = "serde"
version = "1.0.219"
source = "registry+https://github.com/rust-lang/crates.io-index"
checksum = "5f0e2c6ed6606019b4e29e69dbaba95b11854410e5347d525002456dbbb786b6"
dependencies = [
 "serde_derive",
]

[[package]]
name = "serde_derive"
version = "1.0.219"
source = "registry+https://github.com/rust-lang/crates.io-index"
checksum = "5b0276cf7f2c73365f7157c8123c21cd9a50fbbd844757af28ca1f5925fc2a00"
dependencies = [
 "proc-macro2",
 "quote",
 "syn 2.0.101",
]

[[package]]
name = "serde_json"
version = "1.0.140"
source = "registry+https://github.com/rust-lang/crates.io-index"
checksum = "20068b6e96dc6c9bd23e01df8827e6c7e1f2fddd43c21810382803c136b99373"
dependencies = [
 "itoa",
 "memchr",
 "ryu",
 "serde",
]

[[package]]
name = "serde_spanned"
version = "0.6.8"
source = "registry+https://github.com/rust-lang/crates.io-index"
checksum = "87607cb1398ed59d48732e575a4c28a7a8ebf2454b964fe3f224f2afc07909e1"
dependencies = [
 "serde",
]

[[package]]
name = "shellexpand"
version = "3.1.1"
source = "registry+https://github.com/rust-lang/crates.io-index"
checksum = "8b1fdf65dd6331831494dd616b30351c38e96e45921a27745cf98490458b90bb"
dependencies = [
 "dirs",
]

[[package]]
name = "shlex"
version = "1.3.0"
source = "registry+https://github.com/rust-lang/crates.io-index"
checksum = "0fda2ff0d084019ba4d7c6f371c95d8fd75ce3524c3cb8fb653a3023f6323e64"

[[package]]
name = "slab"
version = "0.4.9"
source = "registry+https://github.com/rust-lang/crates.io-index"
checksum = "8f92a496fb766b417c996b9c5e57daf2f7ad3b0bebe1ccfca4856390e3d3bb67"
dependencies = [
 "autocfg",
]

[[package]]
name = "smallvec"
version = "1.15.0"
source = "registry+https://github.com/rust-lang/crates.io-index"
checksum = "8917285742e9f3e1683f0a9c4e6b57960b7314d0b08d30d1ecd426713ee2eee9"

[[package]]
name = "socket2"
version = "0.5.9"
source = "registry+https://github.com/rust-lang/crates.io-index"
checksum = "4f5fd57c80058a56cf5c777ab8a126398ece8e442983605d280a44ce79d0edef"
dependencies = [
 "libc",
 "windows-sys 0.52.0",
]

[[package]]
name = "sublime_fuzzy"
version = "0.7.0"
source = "registry+https://github.com/rust-lang/crates.io-index"
checksum = "fa7986063f7c0ab374407e586d7048a3d5aac94f103f751088bf398e07cd5400"

[[package]]
name = "subprocess"
version = "0.2.9"
source = "registry+https://github.com/rust-lang/crates.io-index"
checksum = "0c2e86926081dda636c546d8c5e641661049d7562a68f5488be4a1f7f66f6086"
dependencies = [
 "libc",
 "winapi",
]

[[package]]
name = "syn"
version = "1.0.109"
source = "registry+https://github.com/rust-lang/crates.io-index"
checksum = "72b64191b275b66ffe2469e8af2c1cfe3bafa67b529ead792a6d0160888b4237"
dependencies = [
 "proc-macro2",
 "quote",
 "unicode-ident",
]

[[package]]
name = "syn"
version = "2.0.101"
source = "registry+https://github.com/rust-lang/crates.io-index"
checksum = "8ce2b7fc941b3a24138a0a7cf8e858bfc6a992e7978a068a5c760deb0ed43caf"
dependencies = [
 "proc-macro2",
 "quote",
 "unicode-ident",
]

[[package]]
name = "sysinfo"
version = "0.35.0"
source = "registry+https://github.com/rust-lang/crates.io-index"
checksum = "b897c8ea620e181c7955369a31be5f48d9a9121cb59fd33ecef9ff2a34323422"
dependencies = [
 "libc",
 "memchr",
 "ntapi",
 "objc2-core-foundation",
 "objc2-io-kit",
 "windows",
]

[[package]]
name = "system-deps"
version = "6.2.2"
source = "registry+https://github.com/rust-lang/crates.io-index"
checksum = "a3e535eb8dded36d55ec13eddacd30dec501792ff23a0b1682c38601b8cf2349"
dependencies = [
 "cfg-expr",
 "heck 0.5.0",
 "pkg-config",
 "toml",
 "version-compare",
]

[[package]]
name = "target-lexicon"
version = "0.12.16"
source = "registry+https://github.com/rust-lang/crates.io-index"
checksum = "61c41af27dd6d1e27b1b16b489db798443478cef1f06a660c96db617ba5de3b1"

[[package]]
name = "thiserror"
version = "1.0.69"
source = "registry+https://github.com/rust-lang/crates.io-index"
checksum = "b6aaf5339b578ea85b50e080feb250a3e8ae8cfcdff9a461c9ec2904bc923f52"
dependencies = [
 "thiserror-impl 1.0.69",
]

[[package]]
name = "thiserror"
version = "2.0.12"
source = "registry+https://github.com/rust-lang/crates.io-index"
checksum = "567b8a2dae586314f7be2a752ec7474332959c6460e02bde30d702a66d488708"
dependencies = [
 "thiserror-impl 2.0.12",
]

[[package]]
name = "thiserror-impl"
version = "1.0.69"
source = "registry+https://github.com/rust-lang/crates.io-index"
checksum = "4fee6c4efc90059e10f81e6d42c60a18f76588c3d74cb83a0b242a2b6c7504c1"
dependencies = [
 "proc-macro2",
 "quote",
 "syn 2.0.101",
]

[[package]]
name = "thiserror-impl"
version = "2.0.12"
source = "registry+https://github.com/rust-lang/crates.io-index"
checksum = "7f7cf42b4507d8ea322120659672cf1b9dbb93f8f2d4ecfd6e51350ff5b17a1d"
dependencies = [
 "proc-macro2",
 "quote",
 "syn 2.0.101",
]

[[package]]
name = "tokio"
version = "1.45.0"
source = "registry+https://github.com/rust-lang/crates.io-index"
checksum = "2513ca694ef9ede0fb23fe71a4ee4107cb102b9dc1930f6d0fd77aae068ae165"
dependencies = [
 "backtrace",
 "libc",
 "mio",
 "pin-project-lite",
 "socket2",
 "windows-sys 0.52.0",
]

[[package]]
name = "toml"
version = "0.8.22"
source = "registry+https://github.com/rust-lang/crates.io-index"
checksum = "05ae329d1f08c4d17a59bed7ff5b5a769d062e64a62d34a3261b219e62cd5aae"
dependencies = [
 "serde",
 "serde_spanned",
 "toml_datetime",
 "toml_edit 0.22.26",
]

[[package]]
name = "toml_datetime"
version = "0.6.9"
source = "registry+https://github.com/rust-lang/crates.io-index"
checksum = "3da5db5a963e24bc68be8b17b6fa82814bb22ee8660f192bb182771d498f09a3"
dependencies = [
 "serde",
]

[[package]]
name = "toml_edit"
version = "0.19.15"
source = "registry+https://github.com/rust-lang/crates.io-index"
checksum = "1b5bb770da30e5cbfde35a2d7b9b8a2c4b8ef89548a7a6aeab5c9a576e3e7421"
dependencies = [
 "indexmap",
 "toml_datetime",
 "winnow 0.5.40",
]

[[package]]
name = "toml_edit"
version = "0.20.7"
source = "registry+https://github.com/rust-lang/crates.io-index"
checksum = "70f427fce4d84c72b5b732388bf4a9f4531b53f74e2887e3ecb2481f68f66d81"
dependencies = [
 "indexmap",
 "toml_datetime",
 "winnow 0.5.40",
]

[[package]]
name = "toml_edit"
version = "0.22.26"
source = "registry+https://github.com/rust-lang/crates.io-index"
checksum = "310068873db2c5b3e7659d2cc35d21855dbafa50d1ce336397c666e3cb08137e"
dependencies = [
 "indexmap",
 "serde",
 "serde_spanned",
 "toml_datetime",
 "toml_write",
 "winnow 0.7.10",
]

[[package]]
name = "toml_write"
version = "0.1.1"
source = "registry+https://github.com/rust-lang/crates.io-index"
checksum = "bfb942dfe1d8e29a7ee7fcbde5bd2b9a25fb89aa70caea2eba3bee836ff41076"

[[package]]
name = "tstr"
version = "0.2.4"
source = "registry+https://github.com/rust-lang/crates.io-index"
checksum = "7f8e0294f14baae476d0dd0a2d780b2e24d66e349a9de876f5126777a37bdba7"
dependencies = [
 "tstr_proc_macros",
]

[[package]]
name = "tstr_proc_macros"
version = "0.2.2"
source = "registry+https://github.com/rust-lang/crates.io-index"
checksum = "e78122066b0cb818b8afd08f7ed22f7fdbc3e90815035726f0840d0d26c0747a"

[[package]]
name = "typed-arena"
version = "2.0.2"
source = "registry+https://github.com/rust-lang/crates.io-index"
checksum = "6af6ae20167a9ece4bcb41af5b80f8a1f1df981f6391189ce00fd257af04126a"

[[package]]
name = "unicode-ident"
version = "1.0.18"
source = "registry+https://github.com/rust-lang/crates.io-index"
checksum = "5a5f39404a5da50712a4c1eecf25e90dd62b613502b7e925fd4e4d19b5c96512"

[[package]]
name = "version-compare"
version = "0.2.0"
source = "registry+https://github.com/rust-lang/crates.io-index"
checksum = "852e951cb7832cb45cb1169900d19760cfa39b82bc0ea9c0e5a14ae88411c98b"

[[package]]
name = "version_check"
version = "0.9.5"
source = "registry+https://github.com/rust-lang/crates.io-index"
checksum = "0b928f33d975fc6ad9f86c8f283853ad26bdd5b10b7f1542aa2fa15e2289105a"

[[package]]
name = "wasi"
version = "0.11.0+wasi-snapshot-preview1"
source = "registry+https://github.com/rust-lang/crates.io-index"
checksum = "9c8d87e72b64a3b4db28d11ce29237c246188f4f51057d65a7eab63b7987e423"

[[package]]
name = "winapi"
version = "0.3.9"
source = "registry+https://github.com/rust-lang/crates.io-index"
checksum = "5c839a674fcd7a98952e593242ea400abe93992746761e38641405d28b00f419"
dependencies = [
 "winapi-i686-pc-windows-gnu",
 "winapi-x86_64-pc-windows-gnu",
]

[[package]]
name = "winapi-i686-pc-windows-gnu"
version = "0.4.0"
source = "registry+https://github.com/rust-lang/crates.io-index"
checksum = "ac3b87c63620426dd9b991e5ce0329eff545bccbbb34f3be09ff6fb6ab51b7b6"

[[package]]
name = "winapi-x86_64-pc-windows-gnu"
version = "0.4.0"
source = "registry+https://github.com/rust-lang/crates.io-index"
checksum = "712e227841d057c1ee1cd2fb22fa7e5a5461ae8e48fa2ca79ec42cfc1931183f"

[[package]]
name = "windows"
version = "0.61.1"
source = "registry+https://github.com/rust-lang/crates.io-index"
checksum = "c5ee8f3d025738cb02bad7868bbb5f8a6327501e870bf51f1b455b0a2454a419"
dependencies = [
 "windows-collections",
 "windows-core",
 "windows-future",
 "windows-link",
 "windows-numerics",
]

[[package]]
name = "windows-collections"
version = "0.2.0"
source = "registry+https://github.com/rust-lang/crates.io-index"
checksum = "3beeceb5e5cfd9eb1d76b381630e82c4241ccd0d27f1a39ed41b2760b255c5e8"
dependencies = [
 "windows-core",
]

[[package]]
name = "windows-core"
version = "0.61.0"
source = "registry+https://github.com/rust-lang/crates.io-index"
checksum = "4763c1de310c86d75a878046489e2e5ba02c649d185f21c67d4cf8a56d098980"
dependencies = [
 "windows-implement",
 "windows-interface",
 "windows-link",
 "windows-result",
 "windows-strings",
]

[[package]]
name = "windows-future"
version = "0.2.0"
source = "registry+https://github.com/rust-lang/crates.io-index"
checksum = "7a1d6bbefcb7b60acd19828e1bc965da6fcf18a7e39490c5f8be71e54a19ba32"
dependencies = [
 "windows-core",
 "windows-link",
]

[[package]]
name = "windows-implement"
version = "0.60.0"
source = "registry+https://github.com/rust-lang/crates.io-index"
checksum = "a47fddd13af08290e67f4acabf4b459f647552718f683a7b415d290ac744a836"
dependencies = [
 "proc-macro2",
 "quote",
 "syn 2.0.101",
]

[[package]]
name = "windows-interface"
version = "0.59.1"
source = "registry+https://github.com/rust-lang/crates.io-index"
checksum = "bd9211b69f8dcdfa817bfd14bf1c97c9188afa36f4750130fcdf3f400eca9fa8"
dependencies = [
 "proc-macro2",
 "quote",
 "syn 2.0.101",
]

[[package]]
name = "windows-link"
version = "0.1.1"
source = "registry+https://github.com/rust-lang/crates.io-index"
checksum = "76840935b766e1b0a05c0066835fb9ec80071d4c09a16f6bd5f7e655e3c14c38"

[[package]]
name = "windows-numerics"
version = "0.2.0"
source = "registry+https://github.com/rust-lang/crates.io-index"
checksum = "9150af68066c4c5c07ddc0ce30421554771e528bde427614c61038bc2c92c2b1"
dependencies = [
 "windows-core",
 "windows-link",
]

[[package]]
name = "windows-result"
version = "0.3.2"
source = "registry+https://github.com/rust-lang/crates.io-index"
checksum = "c64fd11a4fd95df68efcfee5f44a294fe71b8bc6a91993e2791938abcc712252"
dependencies = [
 "windows-link",
]

[[package]]
name = "windows-strings"
version = "0.4.0"
source = "registry+https://github.com/rust-lang/crates.io-index"
checksum = "7a2ba9642430ee452d5a7aa78d72907ebe8cfda358e8cb7918a2050581322f97"
dependencies = [
 "windows-link",
]

[[package]]
name = "windows-sys"
version = "0.52.0"
source = "registry+https://github.com/rust-lang/crates.io-index"
checksum = "282be5f36a8ce781fad8c8ae18fa3f9beff57ec1b52cb3de0789201425d9a33d"
dependencies = [
 "windows-targets",
]

[[package]]
name = "windows-sys"
version = "0.59.0"
source = "registry+https://github.com/rust-lang/crates.io-index"
checksum = "1e38bc4d79ed67fd075bcc251a1c39b32a1776bbe92e5bef1f0bf1f8c531853b"
dependencies = [
 "windows-targets",
]

[[package]]
name = "windows-targets"
version = "0.52.6"
source = "registry+https://github.com/rust-lang/crates.io-index"
checksum = "9b724f72796e036ab90c1021d4780d4d3d648aca59e491e6b98e725b84e99973"
dependencies = [
 "windows_aarch64_gnullvm",
 "windows_aarch64_msvc",
 "windows_i686_gnu",
 "windows_i686_gnullvm",
 "windows_i686_msvc",
 "windows_x86_64_gnu",
 "windows_x86_64_gnullvm",
 "windows_x86_64_msvc",
]

[[package]]
name = "windows_aarch64_gnullvm"
version = "0.52.6"
source = "registry+https://github.com/rust-lang/crates.io-index"
checksum = "32a4622180e7a0ec044bb555404c800bc9fd9ec262ec147edd5989ccd0c02cd3"

[[package]]
name = "windows_aarch64_msvc"
version = "0.52.6"
source = "registry+https://github.com/rust-lang/crates.io-index"
checksum = "09ec2a7bb152e2252b53fa7803150007879548bc709c039df7627cabbd05d469"

[[package]]
name = "windows_i686_gnu"
version = "0.52.6"
source = "registry+https://github.com/rust-lang/crates.io-index"
checksum = "8e9b5ad5ab802e97eb8e295ac6720e509ee4c243f69d781394014ebfe8bbfa0b"

[[package]]
name = "windows_i686_gnullvm"
version = "0.52.6"
source = "registry+https://github.com/rust-lang/crates.io-index"
checksum = "0eee52d38c090b3caa76c563b86c3a4bd71ef1a819287c19d586d7334ae8ed66"

[[package]]
name = "windows_i686_msvc"
version = "0.52.6"
source = "registry+https://github.com/rust-lang/crates.io-index"
checksum = "240948bc05c5e7c6dabba28bf89d89ffce3e303022809e73deaefe4f6ec56c66"

[[package]]
name = "windows_x86_64_gnu"
version = "0.52.6"
source = "registry+https://github.com/rust-lang/crates.io-index"
checksum = "147a5c80aabfbf0c7d901cb5895d1de30ef2907eb21fbbab29ca94c5b08b1a78"

[[package]]
name = "windows_x86_64_gnullvm"
version = "0.52.6"
source = "registry+https://github.com/rust-lang/crates.io-index"
checksum = "24d5b23dc417412679681396f2b49f3de8c1473deb516bd34410872eff51ed0d"

[[package]]
name = "windows_x86_64_msvc"
version = "0.52.6"
source = "registry+https://github.com/rust-lang/crates.io-index"
checksum = "589f6da84c646204747d1270a2a5661ea66ed1cced2631d546fdfb155959f9ec"

[[package]]
name = "winnow"
version = "0.5.40"
source = "registry+https://github.com/rust-lang/crates.io-index"
checksum = "f593a95398737aeed53e489c785df13f3618e41dbcd6718c6addbf1395aa6876"
dependencies = [
 "memchr",
]

[[package]]
name = "winnow"
version = "0.7.10"
source = "registry+https://github.com/rust-lang/crates.io-index"
checksum = "c06928c8748d81b05c9be96aad92e1b6ff01833332f281e8cfca3be4b35fc9ec"
dependencies = [
 "memchr",
]

[[package]]
name = "xdg"
version = "3.0.0"
source = "registry+https://github.com/rust-lang/crates.io-index"
checksum = "2fb433233f2df9344722454bc7e96465c9d03bff9d77c248f9e7523fe79585b5"
