# This file is automatically @generated by Cargo.
# It is not intended for manual editing.
version = 3

[[package]]
name = "abi_stable"
version = "0.11.1"
source = "registry+https://github.com/rust-lang/crates.io-index"
checksum = "3f69d9465d88d24382d43fa68335a92fe9d3c53a918549c693403ed9a85eff50"
dependencies = [
 "abi_stable_derive",
 "abi_stable_shared",
 "const_panic",
 "core_extensions",
 "crossbeam-channel",
 "generational-arena",
 "libloading",
 "lock_api",
 "parking_lot",
 "paste",
 "repr_offset",
 "rustc_version 0.4.0",
 "serde",
 "serde_derive",
 "serde_json",
]

[[package]]
name = "abi_stable_derive"
version = "0.11.0"
source = "registry+https://github.com/rust-lang/crates.io-index"
checksum = "0aecd3efa5a5294f5c67913d45f985ccb382b3c93327581529610eeecdf4821a"
dependencies = [
 "abi_stable_shared",
 "as_derive_utils",
 "core_extensions",
 "proc-macro2",
 "quote",
 "rustc_version 0.4.0",
 "syn",
 "typed-arena",
]

[[package]]
name = "abi_stable_shared"
version = "0.11.0"
source = "registry+https://github.com/rust-lang/crates.io-index"
checksum = "b2b5df7688c123e63f4d4d649cba63f2967ba7f7861b1664fca3f77d3dad2b63"
dependencies = [
 "core_extensions",
]

[[package]]
name = "aho-corasick"
version = "0.7.20"
source = "registry+https://github.com/rust-lang/crates.io-index"
checksum = "cc936419f96fa211c1b9166887b38e5e40b19958e5b895be7c1f93adec7071ac"
dependencies = [
 "memchr",
]

[[package]]
name = "anyhow"
version = "1.0.67"
source = "registry+https://github.com/rust-lang/crates.io-index"
checksum = "7724808837b77f4b4de9d283820f9d98bcf496d5692934b857a2399d31ff22e6"

[[package]]
name = "as_derive_utils"
version = "0.11.0"
source = "registry+https://github.com/rust-lang/crates.io-index"
checksum = "ff3c96645900a44cf11941c111bd08a6573b0e2f9f69bc9264b179d8fae753c4"
dependencies = [
 "core_extensions",
 "proc-macro2",
 "quote",
 "syn",
]

[[package]]
name = "atk"
version = "0.15.1"
source = "registry+https://github.com/rust-lang/crates.io-index"
checksum = "2c3d816ce6f0e2909a96830d6911c2aff044370b1ef92d7f267b43bae5addedd"
dependencies = [
 "atk-sys",
 "bitflags",
 "glib",
 "libc",
]

[[package]]
name = "atk-sys"
version = "0.15.1"
source = "registry+https://github.com/rust-lang/crates.io-index"
checksum = "58aeb089fb698e06db8089971c7ee317ab9644bade33383f63631437b03aafb6"
dependencies = [
 "glib-sys",
 "gobject-sys",
 "libc",
 "system-deps",
]

[[package]]
name = "autocfg"
version = "1.1.0"
source = "registry+https://github.com/rust-lang/crates.io-index"
checksum = "d468802bab17cbc0cc575e9b053f41e72aa36bfa6b7f55e3529ffa43161b97fa"

[[package]]
name = "bitflags"
version = "1.3.2"
source = "registry+https://github.com/rust-lang/crates.io-index"
checksum = "bef38d45163c2f1dde094a7dfd33ccf595c92905c8f8f4fdc18d06fb1037718a"

[[package]]
name = "boxfnonce"
version = "0.1.1"
source = "registry+https://github.com/rust-lang/crates.io-index"
checksum = "5988cb1d626264ac94100be357308f29ff7cbdd3b36bda27f450a4ee3f713426"

[[package]]
name = "cairo-rs"
version = "0.15.12"
source = "registry+https://github.com/rust-lang/crates.io-index"
checksum = "c76ee391b03d35510d9fa917357c7f1855bd9a6659c95a1b392e33f49b3369bc"
dependencies = [
 "bitflags",
 "cairo-sys-rs",
 "glib",
 "libc",
 "thiserror",
]

[[package]]
name = "cairo-sys-rs"
version = "0.15.1"
source = "registry+https://github.com/rust-lang/crates.io-index"
checksum = "3c55d429bef56ac9172d25fecb85dc8068307d17acd74b377866b7a1ef25d3c8"
dependencies = [
 "glib-sys",
 "libc",
 "system-deps",
]

[[package]]
name = "cfg-expr"
version = "0.11.0"
source = "registry+https://github.com/rust-lang/crates.io-index"
checksum = "b0357a6402b295ca3a86bc148e84df46c02e41f41fef186bda662557ef6328aa"
dependencies = [
 "smallvec",
]

[[package]]
name = "cfg-if"
version = "0.1.10"
source = "registry+https://github.com/rust-lang/crates.io-index"
checksum = "4785bdd1c96b2a846b2bd7cc02e86b6b3dbf14e7e53446c4f54c92a361040822"

[[package]]
name = "cfg-if"
version = "1.0.0"
source = "registry+https://github.com/rust-lang/crates.io-index"
checksum = "baf1de4339761588bc0619e3cbc0120ee582ebb74b53b4efbf79117bd2da40fd"

[[package]]
name = "const_panic"
version = "0.2.7"
source = "registry+https://github.com/rust-lang/crates.io-index"
checksum = "58baae561b85ca19b3122a9ddd35c8ec40c3bcd14fe89921824eae73f7baffbf"

[[package]]
name = "core_extensions"
version = "1.5.3"
source = "registry+https://github.com/rust-lang/crates.io-index"
checksum = "92c71dc07c9721607e7a16108336048ee978c3a8b129294534272e8bac96c0ee"
dependencies = [
 "core_extensions_proc_macros",
]

[[package]]
name = "core_extensions_proc_macros"
version = "1.5.3"
source = "registry+https://github.com/rust-lang/crates.io-index"
checksum = "69f3b219d28b6e3b4ac87bc1fc522e0803ab22e055da177bff0068c4150c61a6"

[[package]]
name = "crossbeam-channel"
version = "0.5.6"
source = "registry+https://github.com/rust-lang/crates.io-index"
checksum = "c2dd04ddaf88237dc3b8d8f9a3c1004b506b54b3313403944054d23c0870c521"
dependencies = [
 "cfg-if 1.0.0",
 "crossbeam-utils",
]

[[package]]
name = "crossbeam-utils"
version = "0.8.14"
source = "registry+https://github.com/rust-lang/crates.io-index"
checksum = "4fb766fa798726286dbbb842f174001dab8abc7b627a1dd86e0b7222a95d929f"
dependencies = [
 "cfg-if 1.0.0",
]

[[package]]
name = "daemonize"
version = "0.4.1"
source = "registry+https://github.com/rust-lang/crates.io-index"
checksum = "70c24513e34f53b640819f0ac9f705b673fcf4006d7aab8778bee72ebfc89815"
dependencies = [
 "boxfnonce",
 "libc",
]

[[package]]
name = "dirs"
version = "4.0.0"
source = "registry+https://github.com/rust-lang/crates.io-index"
checksum = "ca3aa72a6f96ea37bbc5aa912f6788242832f75369bdfdadcb0e38423f100059"
dependencies = [
 "dirs-sys",
]

[[package]]
name = "dirs-sys"
version = "0.3.7"
source = "registry+https://github.com/rust-lang/crates.io-index"
checksum = "1b1d1d91c932ef41c0f2663aa8b0ca0342d444d842c06914aa0a7e352d0bada6"
dependencies = [
 "libc",
 "redox_users",
 "winapi",
]

[[package]]
name = "field-offset"
version = "0.3.4"
source = "registry+https://github.com/rust-lang/crates.io-index"
checksum = "1e1c54951450cbd39f3dbcf1005ac413b49487dabf18a720ad2383eccfeffb92"
dependencies = [
 "memoffset 0.6.5",
 "rustc_version 0.3.3",
]

[[package]]
name = "findex"
version = "0.6.0"
dependencies = [
 "abi_stable",
 "findex-plugin",
 "gtk",
 "inotify",
 "keybinder",
 "lazy_static",
 "libc",
 "parking_lot",
 "regex",
 "serde",
 "shellexpand 2.1.2",
 "shlex",
 "sublime_fuzzy",
 "toml",
 "xdg",
]

[[package]]
name = "findex-daemon"
version = "0.1.0"
dependencies = [
 "daemonize",
 "inotify",
 "nix",
 "shellexpand 3.0.0",
 "subprocess",
]

[[package]]
name = "findex-plugin"
version = "0.1.0"
dependencies = [
 "abi_stable",
 "libloading",
]

[[package]]
name = "futures-channel"
version = "0.3.25"
source = "registry+https://github.com/rust-lang/crates.io-index"
checksum = "52ba265a92256105f45b719605a571ffe2d1f0fea3807304b522c1d778f79eed"
dependencies = [
 "futures-core",
]

[[package]]
name = "futures-core"
version = "0.3.25"
source = "registry+https://github.com/rust-lang/crates.io-index"
checksum = "04909a7a7e4633ae6c4a9ab280aeb86da1236243a77b694a49eacd659a4bd3ac"

[[package]]
name = "futures-executor"
version = "0.3.25"
source = "registry+https://github.com/rust-lang/crates.io-index"
checksum = "7acc85df6714c176ab5edf386123fafe217be88c0840ec11f199441134a074e2"
dependencies = [
 "futures-core",
 "futures-task",
 "futures-util",
]

[[package]]
name = "futures-io"
version = "0.3.25"
source = "registry+https://github.com/rust-lang/crates.io-index"
checksum = "00f5fb52a06bdcadeb54e8d3671f8888a39697dcb0b81b23b55174030427f4eb"

[[package]]
name = "futures-task"
version = "0.3.25"
source = "registry+https://github.com/rust-lang/crates.io-index"
checksum = "2ffb393ac5d9a6eaa9d3fdf37ae2776656b706e200c8e16b1bdb227f5198e6ea"

[[package]]
name = "futures-util"
version = "0.3.25"
source = "registry+https://github.com/rust-lang/crates.io-index"
checksum = "197676987abd2f9cadff84926f410af1c183608d36641465df73ae8211dc65d6"
dependencies = [
 "futures-core",
 "futures-task",
 "pin-project-lite",
 "pin-utils",
 "slab",
]

[[package]]
name = "gdk"
version = "0.15.4"
source = "registry+https://github.com/rust-lang/crates.io-index"
checksum = "a6e05c1f572ab0e1f15be94217f0dc29088c248b14f792a5ff0af0d84bcda9e8"
dependencies = [
 "bitflags",
 "cairo-rs",
 "gdk-pixbuf",
 "gdk-sys",
 "gio",
 "glib",
 "libc",
 "pango",
]

[[package]]
name = "gdk-pixbuf"
version = "0.15.11"
source = "registry+https://github.com/rust-lang/crates.io-index"
checksum = "ad38dd9cc8b099cceecdf41375bb6d481b1b5a7cd5cd603e10a69a9383f8619a"
dependencies = [
 "bitflags",
 "gdk-pixbuf-sys",
 "gio",
 "glib",
 "libc",
]

[[package]]
name = "gdk-pixbuf-sys"
version = "0.15.10"
source = "registry+https://github.com/rust-lang/crates.io-index"
checksum = "140b2f5378256527150350a8346dbdb08fadc13453a7a2d73aecd5fab3c402a7"
dependencies = [
 "gio-sys",
 "glib-sys",
 "gobject-sys",
 "libc",
 "system-deps",
]

[[package]]
name = "gdk-sys"
version = "0.15.1"
source = "registry+https://github.com/rust-lang/crates.io-index"
checksum = "32e7a08c1e8f06f4177fb7e51a777b8c1689f743a7bc11ea91d44d2226073a88"
dependencies = [
 "cairo-sys-rs",
 "gdk-pixbuf-sys",
 "gio-sys",
 "glib-sys",
 "gobject-sys",
 "libc",
 "pango-sys",
 "pkg-config",
 "system-deps",
]

[[package]]
name = "generational-arena"
version = "0.2.8"
source = "registry+https://github.com/rust-lang/crates.io-index"
checksum = "8e1d3b771574f62d0548cee0ad9057857e9fc25d7a3335f140c84f6acd0bf601"
dependencies = [
 "cfg-if 0.1.10",
]

[[package]]
name = "getrandom"
version = "0.2.8"
source = "registry+https://github.com/rust-lang/crates.io-index"
checksum = "c05aeb6a22b8f62540c194aac980f2115af067bfe15a0734d7277a768d396b31"
dependencies = [
 "cfg-if 1.0.0",
 "libc",
 "wasi",
]

[[package]]
name = "gio"
version = "0.15.12"
source = "registry+https://github.com/rust-lang/crates.io-index"
checksum = "68fdbc90312d462781a395f7a16d96a2b379bb6ef8cd6310a2df272771c4283b"
dependencies = [
 "bitflags",
 "futures-channel",
 "futures-core",
 "futures-io",
 "gio-sys",
 "glib",
 "libc",
 "once_cell",
 "thiserror",
]

[[package]]
name = "gio-sys"
version = "0.15.10"
source = "registry+https://github.com/rust-lang/crates.io-index"
checksum = "32157a475271e2c4a023382e9cab31c4584ee30a97da41d3c4e9fdd605abcf8d"
dependencies = [
 "glib-sys",
 "gobject-sys",
 "libc",
 "system-deps",
 "winapi",
]

[[package]]
name = "glib"
version = "0.15.12"
source = "registry+https://github.com/rust-lang/crates.io-index"
checksum = "edb0306fbad0ab5428b0ca674a23893db909a98582969c9b537be4ced78c505d"
dependencies = [
 "bitflags",
 "futures-channel",
 "futures-core",
 "futures-executor",
 "futures-task",
 "glib-macros",
 "glib-sys",
 "gobject-sys",
 "libc",
 "once_cell",
 "smallvec",
 "thiserror",
]

[[package]]
name = "glib-macros"
version = "0.15.11"
source = "registry+https://github.com/rust-lang/crates.io-index"
checksum = "25a68131a662b04931e71891fb14aaf65ee4b44d08e8abc10f49e77418c86c64"
dependencies = [
 "anyhow",
 "heck",
 "proc-macro-crate",
 "proc-macro-error",
 "proc-macro2",
 "quote",
 "syn",
]

[[package]]
name = "glib-sys"
version = "0.15.10"
source = "registry+https://github.com/rust-lang/crates.io-index"
checksum = "ef4b192f8e65e9cf76cbf4ea71fa8e3be4a0e18ffe3d68b8da6836974cc5bad4"
dependencies = [
 "libc",
 "system-deps",
]

[[package]]
name = "gobject-sys"
version = "0.15.10"
source = "registry+https://github.com/rust-lang/crates.io-index"
checksum = "0d57ce44246becd17153bd035ab4d32cfee096a657fc01f2231c9278378d1e0a"
dependencies = [
 "glib-sys",
 "libc",
 "system-deps",
]

[[package]]
name = "gtk"
version = "0.15.5"
source = "registry+https://github.com/rust-lang/crates.io-index"
checksum = "92e3004a2d5d6d8b5057d2b57b3712c9529b62e82c77f25c1fecde1fd5c23bd0"
dependencies = [
 "atk",
 "bitflags",
 "cairo-rs",
 "field-offset",
 "futures-channel",
 "gdk",
 "gdk-pixbuf",
 "gio",
 "glib",
 "gtk-sys",
 "gtk3-macros",
 "libc",
 "once_cell",
 "pango",
 "pkg-config",
]

[[package]]
name = "gtk-sys"
version = "0.15.3"
source = "registry+https://github.com/rust-lang/crates.io-index"
checksum = "d5bc2f0587cba247f60246a0ca11fe25fb733eabc3de12d1965fc07efab87c84"
dependencies = [
 "atk-sys",
 "cairo-sys-rs",
 "gdk-pixbuf-sys",
 "gdk-sys",
 "gio-sys",
 "glib-sys",
 "gobject-sys",
 "libc",
 "pango-sys",
 "system-deps",
]

[[package]]
name = "gtk3-macros"
version = "0.15.4"
source = "registry+https://github.com/rust-lang/crates.io-index"
checksum = "24f518afe90c23fba585b2d7697856f9e6a7bbc62f65588035e66f6afb01a2e9"
dependencies = [
 "anyhow",
 "proc-macro-crate",
 "proc-macro-error",
 "proc-macro2",
 "quote",
 "syn",
]

[[package]]
name = "heck"
version = "0.4.0"
source = "registry+https://github.com/rust-lang/crates.io-index"
checksum = "2540771e65fc8cb83cd6e8a237f70c319bd5c29f78ed1084ba5d50eeac86f7f9"

[[package]]
name = "inotify"
version = "0.10.0"
source = "registry+https://github.com/rust-lang/crates.io-index"
checksum = "abf888f9575c290197b2c948dc9e9ff10bd1a39ad1ea8585f734585fa6b9d3f9"
dependencies = [
 "bitflags",
 "futures-core",
 "inotify-sys",
 "libc",
 "tokio",
]

[[package]]
name = "inotify-sys"
version = "0.1.5"
source = "registry+https://github.com/rust-lang/crates.io-index"
checksum = "e05c02b5e89bff3b946cedeca278abc628fe811e604f027c45a8aa3cf793d0eb"
dependencies = [
 "libc",
]

[[package]]
name = "itoa"
version = "1.0.5"
source = "registry+https://github.com/rust-lang/crates.io-index"
checksum = "fad582f4b9e86b6caa621cabeb0963332d92eea04729ab12892c2533951e6440"

[[package]]
name = "keybinder"
version = "0.4.1"
source = "registry+https://github.com/rust-lang/crates.io-index"
checksum = "a0ab130e8f83d81e8eb3dfbbb73e9c3544651158ba9fe9592b83bfae8a0e2a39"
dependencies = [
 "libc",
]

[[package]]
name = "lazy_static"
version = "1.4.0"
source = "registry+https://github.com/rust-lang/crates.io-index"
checksum = "e2abad23fbc42b3700f2f279844dc832adb2b2eb069b2df918f455c4e18cc646"

[[package]]
name = "libc"
version = "0.2.138"
source = "registry+https://github.com/rust-lang/crates.io-index"
checksum = "db6d7e329c562c5dfab7a46a2afabc8b987ab9a4834c9d1ca04dc54c1546cef8"

[[package]]
name = "libloading"
version = "0.7.4"
source = "registry+https://github.com/rust-lang/crates.io-index"
checksum = "b67380fd3b2fbe7527a606e18729d21c6f3951633d0500574c4dc22d2d638b9f"
dependencies = [
 "cfg-if 1.0.0",
 "winapi",
]

[[package]]
name = "lock_api"
version = "0.4.9"
source = "registry+https://github.com/rust-lang/crates.io-index"
checksum = "435011366fe56583b16cf956f9df0095b405b82d76425bc8981c0e22e60ec4df"
dependencies = [
 "autocfg",
 "scopeguard",
]

[[package]]
name = "log"
version = "0.4.17"
source = "registry+https://github.com/rust-lang/crates.io-index"
checksum = "abb12e687cfb44aa40f41fc3978ef76448f9b6038cad6aef4259d3c095a2382e"
dependencies = [
 "cfg-if 1.0.0",
]

[[package]]
name = "memchr"
version = "2.5.0"
source = "registry+https://github.com/rust-lang/crates.io-index"
checksum = "2dffe52ecf27772e601905b7522cb4ef790d2cc203488bbd0e2fe85fcb74566d"

[[package]]
name = "memoffset"
version = "0.6.5"
source = "registry+https://github.com/rust-lang/crates.io-index"
checksum = "5aa361d4faea93603064a027415f07bd8e1d5c88c9fbf68bf56a285428fd79ce"
dependencies = [
 "autocfg",
]

[[package]]
name = "memoffset"
version = "0.7.1"
source = "registry+https://github.com/rust-lang/crates.io-index"
checksum = "5de893c32cde5f383baa4c04c5d6dbdd735cfd4a794b0debdb2bb1b421da5ff4"
dependencies = [
 "autocfg",
]

[[package]]
name = "mio"
version = "0.8.5"
source = "registry+https://github.com/rust-lang/crates.io-index"
checksum = "e5d732bc30207a6423068df043e3d02e0735b155ad7ce1a6f76fe2baa5b158de"
dependencies = [
 "libc",
 "log",
 "wasi",
 "windows-sys",
]

[[package]]
name = "nix"
version = "0.26.1"
source = "registry+https://github.com/rust-lang/crates.io-index"
checksum = "46a58d1d356c6597d08cde02c2f09d785b09e28711837b1ed667dc652c08a694"
dependencies = [
 "bitflags",
 "cfg-if 1.0.0",
 "libc",
 "memoffset 0.7.1",
 "pin-utils",
 "static_assertions",
]

[[package]]
name = "once_cell"
version = "1.16.0"
source = "registry+https://github.com/rust-lang/crates.io-index"
checksum = "86f0b0d4bf799edbc74508c1e8bf170ff5f41238e5f8225603ca7caaae2b7860"

[[package]]
name = "pango"
version = "0.15.10"
source = "registry+https://github.com/rust-lang/crates.io-index"
checksum = "22e4045548659aee5313bde6c582b0d83a627b7904dd20dc2d9ef0895d414e4f"
dependencies = [
 "bitflags",
 "glib",
 "libc",
 "once_cell",
 "pango-sys",
]

[[package]]
name = "pango-sys"
version = "0.15.10"
source = "registry+https://github.com/rust-lang/crates.io-index"
checksum = "d2a00081cde4661982ed91d80ef437c20eacaf6aa1a5962c0279ae194662c3aa"
dependencies = [
 "glib-sys",
 "gobject-sys",
 "libc",
 "system-deps",
]

[[package]]
name = "parking_lot"
version = "0.12.1"
source = "registry+https://github.com/rust-lang/crates.io-index"
checksum = "3742b2c103b9f06bc9fff0a37ff4912935851bee6d36f3c02bcc755bcfec228f"
dependencies = [
 "lock_api",
 "parking_lot_core",
]

[[package]]
name = "parking_lot_core"
version = "0.9.5"
source = "registry+https://github.com/rust-lang/crates.io-index"
checksum = "7ff9f3fef3968a3ec5945535ed654cb38ff72d7495a25619e2247fb15a2ed9ba"
dependencies = [
 "cfg-if 1.0.0",
 "libc",
 "redox_syscall",
 "smallvec",
 "windows-sys",
]

[[package]]
name = "paste"
version = "1.0.11"
source = "registry+https://github.com/rust-lang/crates.io-index"
checksum = "d01a5bd0424d00070b0098dd17ebca6f961a959dead1dbcbbbc1d1cd8d3deeba"

[[package]]
name = "pest"
version = "2.5.1"
source = "registry+https://github.com/rust-lang/crates.io-index"
checksum = "cc8bed3549e0f9b0a2a78bf7c0018237a2cdf085eecbbc048e52612438e4e9d0"
dependencies = [
 "thiserror",
 "ucd-trie",
]

[[package]]
name = "pin-project-lite"
version = "0.2.9"
source = "registry+https://github.com/rust-lang/crates.io-index"
checksum = "e0a7ae3ac2f1173085d398531c705756c94a4c56843785df85a60c1a0afac116"

[[package]]
name = "pin-utils"
version = "0.1.0"
source = "registry+https://github.com/rust-lang/crates.io-index"
checksum = "8b870d8c151b6f2fb93e84a13146138f05d02ed11c7e7c54f8826aaaf7c9f184"

[[package]]
name = "pkg-config"
version = "0.3.26"
source = "registry+https://github.com/rust-lang/crates.io-index"
checksum = "6ac9a59f73473f1b8d852421e59e64809f025994837ef743615c6d0c5b305160"

[[package]]
name = "proc-macro-crate"
version = "1.2.1"
source = "registry+https://github.com/rust-lang/crates.io-index"
checksum = "eda0fc3b0fb7c975631757e14d9049da17374063edb6ebbcbc54d880d4fe94e9"
dependencies = [
 "once_cell",
 "thiserror",
 "toml",
]

[[package]]
name = "proc-macro-error"
version = "1.0.4"
source = "registry+https://github.com/rust-lang/crates.io-index"
checksum = "da25490ff9892aab3fcf7c36f08cfb902dd3e71ca0f9f9517bea02a73a5ce38c"
dependencies = [
 "proc-macro-error-attr",
 "proc-macro2",
 "quote",
 "syn",
 "version_check",
]

[[package]]
name = "proc-macro-error-attr"
version = "1.0.4"
source = "registry+https://github.com/rust-lang/crates.io-index"
checksum = "a1be40180e52ecc98ad80b184934baf3d0d29f979574e439af5a55274b35f869"
dependencies = [
 "proc-macro2",
 "quote",
 "version_check",
]

[[package]]
name = "proc-macro2"
version = "1.0.48"
source = "registry+https://github.com/rust-lang/crates.io-index"
checksum = "e9d89e5dba24725ae5678020bf8f1357a9aa7ff10736b551adbcd3f8d17d766f"
dependencies = [
 "unicode-ident",
]

[[package]]
name = "quote"
version = "1.0.22"
source = "registry+https://github.com/rust-lang/crates.io-index"
checksum = "556d0f47a940e895261e77dc200d5eadfc6ef644c179c6f5edfc105e3a2292c8"
dependencies = [
 "proc-macro2",
]

[[package]]
name = "redox_syscall"
version = "0.2.16"
source = "registry+https://github.com/rust-lang/crates.io-index"
checksum = "fb5a58c1855b4b6819d59012155603f0b22ad30cad752600aadfcb695265519a"
dependencies = [
 "bitflags",
]

[[package]]
name = "redox_users"
version = "0.4.3"
source = "registry+https://github.com/rust-lang/crates.io-index"
checksum = "b033d837a7cf162d7993aded9304e30a83213c648b6e389db233191f891e5c2b"
dependencies = [
 "getrandom",
 "redox_syscall",
 "thiserror",
]

[[package]]
name = "regex"
version = "1.7.0"
source = "registry+https://github.com/rust-lang/crates.io-index"
checksum = "e076559ef8e241f2ae3479e36f97bd5741c0330689e217ad51ce2c76808b868a"
dependencies = [
 "aho-corasick",
 "memchr",
 "regex-syntax",
]

[[package]]
name = "regex-syntax"
version = "0.6.28"
source = "registry+https://github.com/rust-lang/crates.io-index"
checksum = "456c603be3e8d448b072f410900c09faf164fbce2d480456f50eea6e25f9c848"

[[package]]
name = "repr_offset"
version = "0.2.1"
source = "registry+https://github.com/rust-lang/crates.io-index"
checksum = "663e92f38214b9e51fa305902788f5fb45fb60027b727556618fc53ba1946112"
dependencies = [
 "tstr",
]

[[package]]
name = "rustc_version"
version = "0.3.3"
source = "registry+https://github.com/rust-lang/crates.io-index"
checksum = "f0dfe2087c51c460008730de8b57e6a320782fbfb312e1f4d520e6c6fae155ee"
dependencies = [
 "semver 0.11.0",
]

[[package]]
name = "rustc_version"
version = "0.4.0"
source = "registry+https://github.com/rust-lang/crates.io-index"
checksum = "bfa0f585226d2e68097d4f95d113b15b83a82e819ab25717ec0590d9584ef366"
dependencies = [
 "semver 1.0.15",
]

[[package]]
name = "ryu"
version = "1.0.12"
source = "registry+https://github.com/rust-lang/crates.io-index"
checksum = "7b4b9743ed687d4b4bcedf9ff5eaa7398495ae14e61cba0a295704edbc7decde"

[[package]]
name = "scopeguard"
version = "1.1.0"
source = "registry+https://github.com/rust-lang/crates.io-index"
checksum = "d29ab0c6d3fc0ee92fe66e2d99f700eab17a8d57d1c1d3b748380fb20baa78cd"

[[package]]
name = "semver"
version = "0.11.0"
source = "registry+https://github.com/rust-lang/crates.io-index"
checksum = "f301af10236f6df4160f7c3f04eec6dbc70ace82d23326abad5edee88801c6b6"
dependencies = [
 "semver-parser",
]

[[package]]
name = "semver"
version = "1.0.15"
source = "registry+https://github.com/rust-lang/crates.io-index"
checksum = "3bfa246f936730408c0abee392cc1a50b118ece708c7f630516defd64480c7d8"

[[package]]
name = "semver-parser"
version = "0.10.2"
source = "registry+https://github.com/rust-lang/crates.io-index"
checksum = "00b0bef5b7f9e0df16536d3961cfb6e84331c065b4066afb39768d0e319411f7"
dependencies = [
 "pest",
]

[[package]]
name = "serde"
version = "1.0.151"
source = "registry+https://github.com/rust-lang/crates.io-index"
checksum = "97fed41fc1a24994d044e6db6935e69511a1153b52c15eb42493b26fa87feba0"
dependencies = [
 "serde_derive",
]

[[package]]
name = "serde_derive"
version = "1.0.151"
source = "registry+https://github.com/rust-lang/crates.io-index"
checksum = "255abe9a125a985c05190d687b320c12f9b1f0b99445e608c21ba0782c719ad8"
dependencies = [
 "proc-macro2",
 "quote",
 "syn",
]

[[package]]
name = "serde_json"
version = "1.0.90"
source = "registry+https://github.com/rust-lang/crates.io-index"
checksum = "8778cc0b528968fe72abec38b5db5a20a70d148116cd9325d2bc5f5180ca3faf"
dependencies = [
 "itoa",
 "ryu",
 "serde",
]

[[package]]
name = "shellexpand"
version = "2.1.2"
source = "registry+https://github.com/rust-lang/crates.io-index"
checksum = "7ccc8076840c4da029af4f87e4e8daeb0fca6b87bbb02e10cb60b791450e11e4"
dependencies = [
 "dirs",
]

[[package]]
name = "shellexpand"
version = "3.0.0"
source = "registry+https://github.com/rust-lang/crates.io-index"
checksum = "dd1c7ddea665294d484c39fd0c0d2b7e35bbfe10035c5fe1854741a57f6880e1"
dependencies = [
 "dirs",
]

[[package]]
name = "shlex"
version = "1.1.0"
source = "registry+https://github.com/rust-lang/crates.io-index"
checksum = "43b2853a4d09f215c24cc5489c992ce46052d359b5109343cbafbf26bc62f8a3"

[[package]]
name = "slab"
version = "0.4.7"
source = "registry+https://github.com/rust-lang/crates.io-index"
checksum = "4614a76b2a8be0058caa9dbbaf66d988527d86d003c11a94fbd335d7661edcef"
dependencies = [
 "autocfg",
]

[[package]]
name = "smallvec"
version = "1.10.0"
source = "registry+https://github.com/rust-lang/crates.io-index"
checksum = "a507befe795404456341dfab10cef66ead4c041f62b8b11bbb92bffe5d0953e0"

[[package]]
name = "socket2"
version = "0.4.7"
source = "registry+https://github.com/rust-lang/crates.io-index"
checksum = "02e2d2db9033d13a1567121ddd7a095ee144db4e1ca1b1bda3419bc0da294ebd"
dependencies = [
 "libc",
 "winapi",
]

[[package]]
name = "static_assertions"
version = "1.1.0"
source = "registry+https://github.com/rust-lang/crates.io-index"
checksum = "a2eb9349b6444b326872e140eb1cf5e7c522154d69e7a0ffb0fb81c06b37543f"

[[package]]
name = "sublime_fuzzy"
version = "0.7.0"
source = "registry+https://github.com/rust-lang/crates.io-index"
checksum = "fa7986063f7c0ab374407e586d7048a3d5aac94f103f751088bf398e07cd5400"

[[package]]
name = "subprocess"
version = "0.2.9"
source = "registry+https://github.com/rust-lang/crates.io-index"
checksum = "0c2e86926081dda636c546d8c5e641661049d7562a68f5488be4a1f7f66f6086"
dependencies = [
 "libc",
 "winapi",
]

[[package]]
name = "syn"
version = "1.0.106"
source = "registry+https://github.com/rust-lang/crates.io-index"
checksum = "09ee3a69cd2c7e06684677e5629b3878b253af05e4714964204279c6bc02cf0b"
dependencies = [
 "proc-macro2",
 "quote",
 "unicode-ident",
]

[[package]]
name = "system-deps"
version = "6.0.3"
source = "registry+https://github.com/rust-lang/crates.io-index"
checksum = "2955b1fe31e1fa2fbd1976b71cc69a606d7d4da16f6de3333d0c92d51419aeff"
dependencies = [
 "cfg-expr",
 "heck",
 "pkg-config",
 "toml",
 "version-compare",
]

[[package]]
name = "thiserror"
version = "1.0.38"
source = "registry+https://github.com/rust-lang/crates.io-index"
checksum = "6a9cd18aa97d5c45c6603caea1da6628790b37f7a34b6ca89522331c5180fed0"
dependencies = [
 "thiserror-impl",
]

[[package]]
name = "thiserror-impl"
version = "1.0.38"
source = "registry+https://github.com/rust-lang/crates.io-index"
checksum = "1fb327af4685e4d03fa8cbcf1716380da910eeb2bb8be417e7f9fd3fb164f36f"
dependencies = [
 "proc-macro2",
 "quote",
 "syn",
]

[[package]]
name = "tokio"
version = "1.23.0"
source = "registry+https://github.com/rust-lang/crates.io-index"
checksum = "eab6d665857cc6ca78d6e80303a02cea7a7851e85dfbd77cbdc09bd129f1ef46"
dependencies = [
 "autocfg",
 "libc",
 "mio",
 "pin-project-lite",
 "socket2",
 "windows-sys",
]

[[package]]
name = "toml"
version = "0.5.10"
source = "registry+https://github.com/rust-lang/crates.io-index"
checksum = "1333c76748e868a4d9d1017b5ab53171dfd095f70c712fdb4653a406547f598f"
dependencies = [
 "serde",
]

[[package]]
name = "tstr"
version = "0.2.3"
source = "registry+https://github.com/rust-lang/crates.io-index"
checksum = "cca3264971090dec0feef3b455a3c178f02762f7550cf4592991ac64b3be2d7e"
dependencies = [
 "tstr_proc_macros",
]

[[package]]
name = "tstr_proc_macros"
version = "0.2.2"
source = "registry+https://github.com/rust-lang/crates.io-index"
checksum = "e78122066b0cb818b8afd08f7ed22f7fdbc3e90815035726f0840d0d26c0747a"

[[package]]
name = "typed-arena"
version = "2.0.1"
source = "registry+https://github.com/rust-lang/crates.io-index"
checksum = "0685c84d5d54d1c26f7d3eb96cd41550adb97baed141a761cf335d3d33bcd0ae"

[[package]]
name = "ucd-trie"
version = "0.1.5"
source = "registry+https://github.com/rust-lang/crates.io-index"
checksum = "9e79c4d996edb816c91e4308506774452e55e95c3c9de07b6729e17e15a5ef81"

[[package]]
name = "unicode-ident"
version = "1.0.6"
source = "registry+https://github.com/rust-lang/crates.io-index"
checksum = "84a22b9f218b40614adcb3f4ff08b703773ad44fa9423e4e0d346d5db86e4ebc"

[[package]]
name = "version-compare"
version = "0.1.1"
source = "registry+https://github.com/rust-lang/crates.io-index"
checksum = "579a42fc0b8e0c63b76519a339be31bed574929511fa53c1a3acae26eb258f29"

[[package]]
name = "version_check"
version = "0.9.4"
source = "registry+https://github.com/rust-lang/crates.io-index"
checksum = "49874b5167b65d7193b8aba1567f5c7d93d001cafc34600cee003eda787e483f"

[[package]]
name = "wasi"
version = "0.11.0+wasi-snapshot-preview1"
source = "registry+https://github.com/rust-lang/crates.io-index"
checksum = "9c8d87e72b64a3b4db28d11ce29237c246188f4f51057d65a7eab63b7987e423"

[[package]]
name = "winapi"
version = "0.3.9"
source = "registry+https://github.com/rust-lang/crates.io-index"
checksum = "5c839a674fcd7a98952e593242ea400abe93992746761e38641405d28b00f419"
dependencies = [
 "winapi-i686-pc-windows-gnu",
 "winapi-x86_64-pc-windows-gnu",
]

[[package]]
name = "winapi-i686-pc-windows-gnu"
version = "0.4.0"
source = "registry+https://github.com/rust-lang/crates.io-index"
checksum = "ac3b87c63620426dd9b991e5ce0329eff545bccbbb34f3be09ff6fb6ab51b7b6"

[[package]]
name = "winapi-x86_64-pc-windows-gnu"
version = "0.4.0"
source = "registry+https://github.com/rust-lang/crates.io-index"
checksum = "712e227841d057c1ee1cd2fb22fa7e5a5461ae8e48fa2ca79ec42cfc1931183f"

[[package]]
name = "windows-sys"
version = "0.42.0"
source = "registry+https://github.com/rust-lang/crates.io-index"
checksum = "5a3e1820f08b8513f676f7ab6c1f99ff312fb97b553d30ff4dd86f9f15728aa7"
dependencies = [
 "windows_aarch64_gnullvm",
 "windows_aarch64_msvc",
 "windows_i686_gnu",
 "windows_i686_msvc",
 "windows_x86_64_gnu",
 "windows_x86_64_gnullvm",
 "windows_x86_64_msvc",
]

[[package]]
name = "windows_aarch64_gnullvm"
version = "0.42.0"
source = "registry+https://github.com/rust-lang/crates.io-index"
checksum = "41d2aa71f6f0cbe00ae5167d90ef3cfe66527d6f613ca78ac8024c3ccab9a19e"

[[package]]
name = "windows_aarch64_msvc"
version = "0.42.0"
source = "registry+https://github.com/rust-lang/crates.io-index"
checksum = "dd0f252f5a35cac83d6311b2e795981f5ee6e67eb1f9a7f64eb4500fbc4dcdb4"

[[package]]
name = "windows_i686_gnu"
version = "0.42.0"
source = "registry+https://github.com/rust-lang/crates.io-index"
checksum = "fbeae19f6716841636c28d695375df17562ca208b2b7d0dc47635a50ae6c5de7"

[[package]]
name = "windows_i686_msvc"
version = "0.42.0"
source = "registry+https://github.com/rust-lang/crates.io-index"
checksum = "84c12f65daa39dd2babe6e442988fc329d6243fdce47d7d2d155b8d874862246"

[[package]]
name = "windows_x86_64_gnu"
version = "0.42.0"
source = "registry+https://github.com/rust-lang/crates.io-index"
checksum = "bf7b1b21b5362cbc318f686150e5bcea75ecedc74dd157d874d754a2ca44b0ed"

[[package]]
name = "windows_x86_64_gnullvm"
version = "0.42.0"
source = "registry+https://github.com/rust-lang/crates.io-index"
checksum = "09d525d2ba30eeb3297665bd434a54297e4170c7f1a44cad4ef58095b4cd2028"

[[package]]
name = "windows_x86_64_msvc"
version = "0.42.0"
source = "registry+https://github.com/rust-lang/crates.io-index"
checksum = "f40009d85759725a34da6d89a94e63d7bdc50a862acf0dbc7c8e488f1edcb6f5"

[[package]]
name = "xdg"
version = "2.4.1"
source = "registry+https://github.com/rust-lang/crates.io-index"
checksum = "0c4583db5cbd4c4c0303df2d15af80f0539db703fa1c68802d4cbbd2dd0f88f6"
dependencies = [
 "dirs",
]
